// !$*UTF8*$!
{
	archiveVersion = 1;
	classes = {
	};
	objectVersion = 46;
	objects = {

/* Begin PBXBuildFile section */
		F082F17615B64A47006482A8 /* UIKit.framework in Frameworks */ = {isa = PBXBuildFile; fileRef = F082F17515B64A47006482A8 /* UIKit.framework */; };
		F082F17815B64A47006482A8 /* Foundation.framework in Frameworks */ = {isa = PBXBuildFile; fileRef = F082F17715B64A47006482A8 /* Foundation.framework */; };
		F082F17A15B64A47006482A8 /* CoreGraphics.framework in Frameworks */ = {isa = PBXBuildFile; fileRef = F082F17915B64A47006482A8 /* CoreGraphics.framework */; };
		F082F18015B64A47006482A8 /* InfoPlist.strings in Resources */ = {isa = PBXBuildFile; fileRef = F082F17E15B64A47006482A8 /* InfoPlist.strings */; };
		F082F18215B64A47006482A8 /* main.m in Sources */ = {isa = PBXBuildFile; fileRef = F082F18115B64A47006482A8 /* main.m */; };
		F082F18615B64A47006482A8 /* Jul19AppDelegate.m in Sources */ = {isa = PBXBuildFile; fileRef = F082F18515B64A47006482A8 /* Jul19AppDelegate.m */; };
		F082F18E15B64BDC006482A8 /* ViewController.m in Sources */ = {isa = PBXBuildFile; fileRef = F082F18D15B64BDC006482A8 /* ViewController.m */; };
		F082F19415B6508B006482A8 /* View.m in Sources */ = {isa = PBXBuildFile; fileRef = F082F19315B6508B006482A8 /* View.m */; };
		F0F6130B15B7B82A0059445B /* earth.jpeg in Resources */ = {isa = PBXBuildFile; fileRef = F0F6130115B7B82A0059445B /* earth.jpeg */; };
		F0F6130C15B7B82A0059445B /* jupiter.jpeg in Resources */ = {isa = PBXBuildFile; fileRef = F0F6130215B7B82A0059445B /* jupiter.jpeg */; };
		F0F6130D15B7B82A0059445B /* mars.jpeg in Resources */ = {isa = PBXBuildFile; fileRef = F0F6130315B7B82A0059445B /* mars.jpeg */; };
		F0F6130E15B7B82A0059445B /* mercury.jpeg in Resources */ = {isa = PBXBuildFile; fileRef = F0F6130415B7B82A0059445B /* mercury.jpeg */; };
		F0F6130F15B7B82A0059445B /* neptune.jpeg in Resources */ = {isa = PBXBuildFile; fileRef = F0F6130515B7B82A0059445B /* neptune.jpeg */; };
		F0F6131015B7B82A0059445B /* saturn.jpeg in Resources */ = {isa = PBXBuildFile; fileRef = F0F6130615B7B82A0059445B /* saturn.jpeg */; };
		F0F6131115B7B82A0059445B /* sun.jpeg in Resources */ = {isa = PBXBuildFile; fileRef = F0F6130715B7B82A0059445B /* sun.jpeg */; };
		F0F6131215B7B82A0059445B /* sun2.jpeg in Resources */ = {isa = PBXBuildFile; fileRef = F0F6130815B7B82A0059445B /* sun2.jpeg */; };
		F0F6131315B7B82A0059445B /* uranus.jpeg in Resources */ = {isa = PBXBuildFile; fileRef = F0F6130915B7B82A0059445B /* uranus.jpeg */; };
		F0F6131415B7B82A0059445B /* venus.jpeg in Resources */ = {isa = PBXBuildFile; fileRef = F0F6130A15B7B82A0059445B /* venus.jpeg */; };
/* End PBXBuildFile section */

/* Begin PBXFileReference section */
		F082F17115B64A47006482A8 /* Jul19.app */ = {isa = PBXFileReference; explicitFileType = wrapper.application; includeInIndex = 0; path = Jul19.app; sourceTree = BUILT_PRODUCTS_DIR; };
		F082F17515B64A47006482A8 /* UIKit.framework */ = {isa = PBXFileReference; lastKnownFileType = wrapper.framework; name = UIKit.framework; path = System/Library/Frameworks/UIKit.framework; sourceTree = SDKROOT; };
		F082F17715B64A47006482A8 /* Foundation.framework */ = {isa = PBXFileReference; lastKnownFileType = wrapper.framework; name = Foundation.framework; path = System/Library/Frameworks/Foundation.framework; sourceTree = SDKROOT; };
		F082F17915B64A47006482A8 /* CoreGraphics.framework */ = {isa = PBXFileReference; lastKnownFileType = wrapper.framework; name = CoreGraphics.framework; path = System/Library/Frameworks/CoreGraphics.framework; sourceTree = SDKROOT; };
		F082F17D15B64A47006482A8 /* Jul19-Info.plist */ = {isa = PBXFileReference; lastKnownFileType = text.plist.xml; path = "Jul19-Info.plist"; sourceTree = "<group>"; };
		F082F17F15B64A47006482A8 /* en */ = {isa = PBXFileReference; lastKnownFileType = text.plist.strings; name = en; path = en.lproj/InfoPlist.strings; sourceTree = "<group>"; };
		F082F18115B64A47006482A8 /* main.m */ = {isa = PBXFileReference; lastKnownFileType = sourcecode.c.objc; path = main.m; sourceTree = "<group>"; };
		F082F18315B64A47006482A8 /* Jul19-Prefix.pch */ = {isa = PBXFileReference; lastKnownFileType = sourcecode.c.h; path = "Jul19-Prefix.pch"; sourceTree = "<group>"; };
		F082F18415B64A47006482A8 /* Jul19AppDelegate.h */ = {isa = PBXFileReference; lastKnownFileType = sourcecode.c.h; path = Jul19AppDelegate.h; sourceTree = "<group>"; };
		F082F18515B64A47006482A8 /* Jul19AppDelegate.m */ = {isa = PBXFileReference; lastKnownFileType = sourcecode.c.objc; path = Jul19AppDelegate.m; sourceTree = "<group>"; };
		F082F18C15B64BDC006482A8 /* ViewController.h */ = {isa = PBXFileReference; fileEncoding = 4; lastKnownFileType = sourcecode.c.h; path = ViewController.h; sourceTree = "<group>"; };
		F082F18D15B64BDC006482A8 /* ViewController.m */ = {isa = PBXFileReference; fileEncoding = 4; lastKnownFileType = sourcecode.c.objc; path = ViewController.m; sourceTree = "<group>"; };
		F082F19215B6508B006482A8 /* View.h */ = {isa = PBXFileReference; fileEncoding = 4; lastKnownFileType = sourcecode.c.h; path = View.h; sourceTree = "<group>"; };
		F082F19315B6508B006482A8 /* View.m */ = {isa = PBXFileReference; fileEncoding = 4; lastKnownFileType = sourcecode.c.objc; path = View.m; sourceTree = "<group>"; };
		F0F6130115B7B82A0059445B /* earth.jpeg */ = {isa = PBXFileReference; lastKnownFileType = image.jpeg; path = earth.jpeg; sourceTree = "<group>"; };
		F0F6130215B7B82A0059445B /* jupiter.jpeg */ = {isa = PBXFileReference; lastKnownFileType = image.jpeg; path = jupiter.jpeg; sourceTree = "<group>"; };
		F0F6130315B7B82A0059445B /* mars.jpeg */ = {isa = PBXFileReference; lastKnownFileType = image.jpeg; path = mars.jpeg; sourceTree = "<group>"; };
		F0F6130415B7B82A0059445B /* mercury.jpeg */ = {isa = PBXFileReference; lastKnownFileType = image.jpeg; path = mercury.jpeg; sourceTree = "<group>"; };
		F0F6130515B7B82A0059445B /* neptune.jpeg */ = {isa = PBXFileReference; lastKnownFileType = image.jpeg; path = neptune.jpeg; sourceTree = "<group>"; };
		F0F6130615B7B82A0059445B /* saturn.jpeg */ = {isa = PBXFileReference; lastKnownFileType = image.jpeg; path = saturn.jpeg; sourceTree = "<group>"; };
		F0F6130715B7B82A0059445B /* sun.jpeg */ = {isa = PBXFileReference; lastKnownFileType = image.jpeg; path = sun.jpeg; sourceTree = "<group>"; };
		F0F6130815B7B82A0059445B /* sun2.jpeg */ = {isa = PBXFileReference; lastKnownFileType = image.jpeg; path = sun2.jpeg; sourceTree = "<group>"; };
		F0F6130915B7B82A0059445B /* uranus.jpeg */ = {isa = PBXFileReference; lastKnownFileType = image.jpeg; path = uranus.jpeg; sourceTree = "<group>"; };
		F0F6130A15B7B82A0059445B /* venus.jpeg */ = {isa = PBXFileReference; lastKnownFileType = image.jpeg; path = venus.jpeg; sourceTree = "<group>"; };
/* End PBXFileReference section */

/* Begin PBXFrameworksBuildPhase section */
		F082F16E15B64A47006482A8 /* Frameworks */ = {
			isa = PBXFrameworksBuildPhase;
			buildActionMask = 2147483647;
			files = (
				F082F17615B64A47006482A8 /* UIKit.framework in Frameworks */,
				F082F17815B64A47006482A8 /* Foundation.framework in Frameworks */,
				F082F17A15B64A47006482A8 /* CoreGraphics.framework in Frameworks */,
			);
			runOnlyForDeploymentPostprocessing = 0;
		};
/* End PBXFrameworksBuildPhase section */

/* Begin PBXGroup section */
		F082F16615B64A47006482A8 = {
			isa = PBXGroup;
			children = (
				F082F17B15B64A47006482A8 /* Jul19 */,
				F082F17415B64A47006482A8 /* Frameworks */,
				F082F17215B64A47006482A8 /* Products */,
			);
			sourceTree = "<group>";
		};
		F082F17215B64A47006482A8 /* Products */ = {
			isa = PBXGroup;
			children = (
				F082F17115B64A47006482A8 /* Jul19.app */,
			);
			name = Products;
			sourceTree = "<group>";
		};
		F082F17415B64A47006482A8 /* Frameworks */ = {
			isa = PBXGroup;
			children = (
				F082F17515B64A47006482A8 /* UIKit.framework */,
				F082F17715B64A47006482A8 /* Foundation.framework */,
				F082F17915B64A47006482A8 /* CoreGraphics.framework */,
			);
			name = Frameworks;
			sourceTree = "<group>";
		};
		F082F17B15B64A47006482A8 /* Jul19 */ = {
			isa = PBXGroup;
			children = (
				F082F18415B64A47006482A8 /* Jul19AppDelegate.h */,
				F082F18515B64A47006482A8 /* Jul19AppDelegate.m */,
				F082F18C15B64BDC006482A8 /* ViewController.h */,
				F082F18D15B64BDC006482A8 /* ViewController.m */,
				F082F19215B6508B006482A8 /* View.h */,
				F082F19315B6508B006482A8 /* View.m */,
				F0F6130115B7B82A0059445B /* earth.jpeg */,
				F0F6130215B7B82A0059445B /* jupiter.jpeg */,
				F0F6130315B7B82A0059445B /* mars.jpeg */,
				F0F6130415B7B82A0059445B /* mercury.jpeg */,
				F0F6130515B7B82A0059445B /* neptune.jpeg */,
				F0F6130615B7B82A0059445B /* saturn.jpeg */,
				F0F6130715B7B82A0059445B /* sun.jpeg */,
				F0F6130815B7B82A0059445B /* sun2.jpeg */,
				F0F6130915B7B82A0059445B /* uranus.jpeg */,
				F0F6130A15B7B82A0059445B /* venus.jpeg */,
				F082F17C15B64A47006482A8 /* Supporting Files */,
			);
			path = Jul19;
			sourceTree = "<group>";
		};
		F082F17C15B64A47006482A8 /* Supporting Files */ = {
			isa = PBXGroup;
			children = (
				F082F17D15B64A47006482A8 /* Jul19-Info.plist */,
				F082F17E15B64A47006482A8 /* InfoPlist.strings */,
				F082F18115B64A47006482A8 /* main.m */,
				F082F18315B64A47006482A8 /* Jul19-Prefix.pch */,
			);
			name = "Supporting Files";
			sourceTree = "<group>";
		};
/* End PBXGroup section */

/* Begin PBXNativeTarget section */
		F082F17015B64A47006482A8 /* Jul19 */ = {
			isa = PBXNativeTarget;
			buildConfigurationList = F082F18915B64A47006482A8 /* Build configuration list for PBXNativeTarget "Jul19" */;
			buildPhases = (
				F082F16D15B64A47006482A8 /* Sources */,
				F082F16E15B64A47006482A8 /* Frameworks */,
				F082F16F15B64A47006482A8 /* Resources */,
			);
			buildRules = (
			);
			dependencies = (
			);
			name = Jul19;
			productName = Jul19;
			productReference = F082F17115B64A47006482A8 /* Jul19.app */;
			productType = "com.apple.product-type.application";
		};
/* End PBXNativeTarget section */

/* Begin PBXProject section */
		F082F16815B64A47006482A8 /* Project object */ = {
			isa = PBXProject;
			attributes = {
				CLASSPREFIX = Jul19;
				LastUpgradeCheck = 0430;
			};
			buildConfigurationList = F082F16B15B64A47006482A8 /* Build configuration list for PBXProject "Jul19" */;
			compatibilityVersion = "Xcode 3.2";
			developmentRegion = English;
			hasScannedForEncodings = 0;
			knownRegions = (
				en,
			);
			mainGroup = F082F16615B64A47006482A8;
			productRefGroup = F082F17215B64A47006482A8 /* Products */;
			projectDirPath = "";
			projectRoot = "";
			targets = (
				F082F17015B64A47006482A8 /* Jul19 */,
			);
		};
/* End PBXProject section */

/* Begin PBXResourcesBuildPhase section */
		F082F16F15B64A47006482A8 /* Resources */ = {
			isa = PBXResourcesBuildPhase;
			buildActionMask = 2147483647;
			files = (
				F082F18015B64A47006482A8 /* InfoPlist.strings in Resources */,
				F0F6130B15B7B82A0059445B /* earth.jpeg in Resources */,
				F0F6130C15B7B82A0059445B /* jupiter.jpeg in Resources */,
				F0F6130D15B7B82A0059445B /* mars.jpeg in Resources */,
				F0F6130E15B7B82A0059445B /* mercury.jpeg in Resources */,
				F0F6130F15B7B82A0059445B /* neptune.jpeg in Resources */,
				F0F6131015B7B82A0059445B /* saturn.jpeg in Resources */,
				F0F6131115B7B82A0059445B /* sun.jpeg in Resources */,
				F0F6131215B7B82A0059445B /* sun2.jpeg in Resources */,
				F0F6131315B7B82A0059445B /* uranus.jpeg in Resources */,
				F0F6131415B7B82A0059445B /* venus.jpeg in Resources */,
			);
			runOnlyForDeploymentPostprocessing = 0;
		};
/* End PBXResourcesBuildPhase section */

/* Begin PBXSourcesBuildPhase section */
		F082F16D15B64A47006482A8 /* Sources */ = {
			isa = PBXSourcesBuildPhase;
			buildActionMask = 2147483647;
			files = (
				F082F18215B64A47006482A8 /* main.m in Sources */,
				F082F18615B64A47006482A8 /* Jul19AppDelegate.m in Sources */,
				F082F18E15B64BDC006482A8 /* ViewController.m in Sources */,
				F082F19415B6508B006482A8 /* View.m in Sources */,
			);
			runOnlyForDeploymentPostprocessing = 0;
		};
/* End PBXSourcesBuildPhase section */

/* Begin PBXVariantGroup section */
		F082F17E15B64A47006482A8 /* InfoPlist.strings */ = {
			isa = PBXVariantGroup;
			children = (
				F082F17F15B64A47006482A8 /* en */,
			);
			name = InfoPlist.strings;
			sourceTree = "<group>";
		};
/* End PBXVariantGroup section */

/* Begin XCBuildConfiguration section */
		F082F18715B64A47006482A8 /* Debug */ = {
			isa = XCBuildConfiguration;
			buildSettings = {
				ALWAYS_SEARCH_USER_PATHS = NO;
				ARCHS = "$(ARCHS_STANDARD_32_BIT)";
				CLANG_ENABLE_OBJC_ARC = YES;
				CLANG_WARN_OBJCPP_ARC_ABI = YES;
				"CODE_SIGN_IDENTITY[sdk=iphoneos*]" = "iPhone Developer";
				COPY_PHASE_STRIP = NO;
				GCC_C_LANGUAGE_STANDARD = gnu99;
				GCC_DYNAMIC_NO_PIC = NO;
				GCC_OPTIMIZATION_LEVEL = 0;
				GCC_PREPROCESSOR_DEFINITIONS = (
					"DEBUG=1",
					"$(inherited)",
				);
				GCC_SYMBOLS_PRIVATE_EXTERN = NO;
				GCC_VERSION = com.apple.compilers.llvm.clang.1_0;
				GCC_WARN_ABOUT_RETURN_TYPE = YES;
				GCC_WARN_UNINITIALIZED_AUTOS = YES;
				GCC_WARN_UNUSED_VARIABLE = YES;
				IPHONEOS_DEPLOYMENT_TARGET = 5.1;
				SDKROOT = iphoneos;
			};
			name = Debug;
		};
		F082F18815B64A47006482A8 /* Release */ = {
			isa = XCBuildConfiguration;
			buildSettings = {
				ALWAYS_SEARCH_USER_PATHS = NO;
				ARCHS = "$(ARCHS_STANDARD_32_BIT)";
				CLANG_ENABLE_OBJC_ARC = YES;
				CLANG_WARN_OBJCPP_ARC_ABI = YES;
				"CODE_SIGN_IDENTITY[sdk=iphoneos*]" = "iPhone Developer";
				COPY_PHASE_STRIP = YES;
				GCC_C_LANGUAGE_STANDARD = gnu99;
				GCC_VERSION = com.apple.compilers.llvm.clang.1_0;
				GCC_WARN_ABOUT_RETURN_TYPE = YES;
				GCC_WARN_UNINITIALIZED_AUTOS = YES;
				GCC_WARN_UNUSED_VARIABLE = YES;
				IPHONEOS_DEPLOYMENT_TARGET = 5.1;
				OTHER_CFLAGS = "-DNS_BLOCK_ASSERTIONS=1";
				SDKROOT = iphoneos;
				VALIDATE_PRODUCT = YES;
			};
			name = Release;
		};
		F082F18A15B64A47006482A8 /* Debug */ = {
			isa = XCBuildConfiguration;
			buildSettings = {
				CLANG_ENABLE_OBJC_ARC = YES;
				CLANG_WARN_OBJCPP_ARC_ABI = YES;
				GCC_PRECOMPILE_PREFIX_HEADER = YES;
				GCC_PREFIX_HEADER = "Jul19/Jul19-Prefix.pch";
				INFOPLIST_FILE = "Jul19/Jul19-Info.plist";
				IPHONEOS_DEPLOYMENT_TARGET = 5.0;
				PRODUCT_NAME = Jul19;
				WRAPPER_EXTENSION = app;
			};
			name = Debug;
		};
		F082F18B15B64A47006482A8 /* Release */ = {
			isa = XCBuildConfiguration;
			buildSettings = {
				CLANG_ENABLE_OBJC_ARC = YES;
				CLANG_WARN_OBJCPP_ARC_ABI = YES;
				GCC_PRECOMPILE_PREFIX_HEADER = YES;
				GCC_PREFIX_HEADER = "Jul19/Jul19-Prefix.pch";
				INFOPLIST_FILE = "Jul19/Jul19-Info.plist";
				IPHONEOS_DEPLOYMENT_TARGET = 5.0;
				PRODUCT_NAME = Jul19;
				WRAPPER_EXTENSION = app;
			};
			name = Release;
		};
/* End XCBuildConfiguration section */

/* Begin XCConfigurationList section */
		F082F16B15B64A47006482A8 /* Build configuration list for PBXProject "Jul19" */ = {
			isa = XCConfigurationList;
			buildConfigurations = (
				F082F18715B64A47006482A8 /* Debug */,
				F082F18815B64A47006482A8 /* Release */,
			);
			defaultConfigurationIsVisible = 0;
			defaultConfigurationName = Release;
		};
		F082F18915B64A47006482A8 /* Build configuration list for PBXNativeTarget "Jul19" */ = {
			isa = XCConfigurationList;
			buildConfigurations = (
				F082F18A15B64A47006482A8 /* Debug */,
				F082F18B15B64A47006482A8 /* Release */,
			);
			defaultConfigurationIsVisible = 0;
			defaultConfigurationName = Release;
		};
/* End XCConfigurationList section */
	};
	rootObject = F082F16815B64A47006482A8 /* Project object */;
}
